// !$*UTF8*$!
{
	archiveVersion = 1;
	classes = {
	};
	objectVersion = 55;
	objects = {

/* Begin PBXBuildFile section */
		96CEE773287DA3FF005C16E3 /* headwaySearchMoviesApp.swift in Sources */ = {isa = PBXBuildFile; fileRef = 96CEE772287DA3FF005C16E3 /* headwaySearchMoviesApp.swift */; };
		96CEE775287DA3FF005C16E3 /* ContentView.swift in Sources */ = {isa = PBXBuildFile; fileRef = 96CEE774287DA3FF005C16E3 /* ContentView.swift */; };
		96CEE777287DA401005C16E3 /* Assets.xcassets in Resources */ = {isa = PBXBuildFile; fileRef = 96CEE776287DA401005C16E3 /* Assets.xcassets */; };
		96CEE77A287DA401005C16E3 /* Preview Assets.xcassets in Resources */ = {isa = PBXBuildFile; fileRef = 96CEE779287DA401005C16E3 /* Preview Assets.xcassets */; };
		96CEE784287DA4EF005C16E3 /* movie_info.json in Resources */ = {isa = PBXBuildFile; fileRef = 96CEE781287DA4EF005C16E3 /* movie_info.json */; };
		96CEE785287DA4EF005C16E3 /* movie_list.json in Resources */ = {isa = PBXBuildFile; fileRef = 96CEE782287DA4EF005C16E3 /* movie_list.json */; };
		96CEE786287DA4EF005C16E3 /* search_movie.json in Resources */ = {isa = PBXBuildFile; fileRef = 96CEE783287DA4EF005C16E3 /* search_movie.json */; };
		96CEE789287DA51C005C16E3 /* MovieService.swift in Sources */ = {isa = PBXBuildFile; fileRef = 96CEE788287DA51C005C16E3 /* MovieService.swift */; };
		96CEE78B287DA52C005C16E3 /* MovieStore.swift in Sources */ = {isa = PBXBuildFile; fileRef = 96CEE78A287DA52C005C16E3 /* MovieStore.swift */; };
		96CEE78E287DA541005C16E3 /* Movie.swift in Sources */ = {isa = PBXBuildFile; fileRef = 96CEE78D287DA541005C16E3 /* Movie.swift */; };
		96CEE790287DA551005C16E3 /* Utils.swift in Sources */ = {isa = PBXBuildFile; fileRef = 96CEE78F287DA551005C16E3 /* Utils.swift */; };
		96CEE792287DA563005C16E3 /* SearchBar.swift in Sources */ = {isa = PBXBuildFile; fileRef = 96CEE791287DA563005C16E3 /* SearchBar.swift */; };
		96CEE794287DA574005C16E3 /* MovieSearchView.swift in Sources */ = {isa = PBXBuildFile; fileRef = 96CEE793287DA574005C16E3 /* MovieSearchView.swift */; };
		96CEE796287DA58D005C16E3 /* MovieSearchState.swift in Sources */ = {isa = PBXBuildFile; fileRef = 96CEE795287DA58D005C16E3 /* MovieSearchState.swift */; };
		96CEE798287DA59E005C16E3 /* LoadingView.swift in Sources */ = {isa = PBXBuildFile; fileRef = 96CEE797287DA59E005C16E3 /* LoadingView.swift */; };
		96CEE79A287DA5BD005C16E3 /* ActivityIndicator.swift in Sources */ = {isa = PBXBuildFile; fileRef = 96CEE799287DA5BD005C16E3 /* ActivityIndicator.swift */; };
		96CEE79C287DA611005C16E3 /* Movie+Stub.swift in Sources */ = {isa = PBXBuildFile; fileRef = 96CEE79B287DA611005C16E3 /* Movie+Stub.swift */; };
/* End PBXBuildFile section */

/* Begin PBXFileReference section */
		96CEE76F287DA3FF005C16E3 /* headwaySearchMovies.app */ = {isa = PBXFileReference; explicitFileType = wrapper.application; includeInIndex = 0; path = headwaySearchMovies.app; sourceTree = BUILT_PRODUCTS_DIR; };
		96CEE772287DA3FF005C16E3 /* headwaySearchMoviesApp.swift */ = {isa = PBXFileReference; lastKnownFileType = sourcecode.swift; path = headwaySearchMoviesApp.swift; sourceTree = "<group>"; };
		96CEE774287DA3FF005C16E3 /* ContentView.swift */ = {isa = PBXFileReference; lastKnownFileType = sourcecode.swift; path = ContentView.swift; sourceTree = "<group>"; };
		96CEE776287DA401005C16E3 /* Assets.xcassets */ = {isa = PBXFileReference; lastKnownFileType = folder.assetcatalog; path = Assets.xcassets; sourceTree = "<group>"; };
		96CEE779287DA401005C16E3 /* Preview Assets.xcassets */ = {isa = PBXFileReference; lastKnownFileType = folder.assetcatalog; path = "Preview Assets.xcassets"; sourceTree = "<group>"; };
		96CEE781287DA4EF005C16E3 /* movie_info.json */ = {isa = PBXFileReference; fileEncoding = 4; lastKnownFileType = text.json; path = movie_info.json; sourceTree = "<group>"; };
		96CEE782287DA4EF005C16E3 /* movie_list.json */ = {isa = PBXFileReference; fileEncoding = 4; lastKnownFileType = text.json; path = movie_list.json; sourceTree = "<group>"; };
		96CEE783287DA4EF005C16E3 /* search_movie.json */ = {isa = PBXFileReference; fileEncoding = 4; lastKnownFileType = text.json; path = search_movie.json; sourceTree = "<group>"; };
		96CEE788287DA51C005C16E3 /* MovieService.swift */ = {isa = PBXFileReference; lastKnownFileType = sourcecode.swift; path = MovieService.swift; sourceTree = "<group>"; };
		96CEE78A287DA52C005C16E3 /* MovieStore.swift */ = {isa = PBXFileReference; lastKnownFileType = sourcecode.swift; path = MovieStore.swift; sourceTree = "<group>"; };
		96CEE78D287DA541005C16E3 /* Movie.swift */ = {isa = PBXFileReference; lastKnownFileType = sourcecode.swift; path = Movie.swift; sourceTree = "<group>"; };
		96CEE78F287DA551005C16E3 /* Utils.swift */ = {isa = PBXFileReference; lastKnownFileType = sourcecode.swift; path = Utils.swift; sourceTree = "<group>"; };
		96CEE791287DA563005C16E3 /* SearchBar.swift */ = {isa = PBXFileReference; lastKnownFileType = sourcecode.swift; path = SearchBar.swift; sourceTree = "<group>"; };
		96CEE793287DA574005C16E3 /* MovieSearchView.swift */ = {isa = PBXFileReference; lastKnownFileType = sourcecode.swift; path = MovieSearchView.swift; sourceTree = "<group>"; };
		96CEE795287DA58D005C16E3 /* MovieSearchState.swift */ = {isa = PBXFileReference; lastKnownFileType = sourcecode.swift; path = MovieSearchState.swift; sourceTree = "<group>"; };
		96CEE797287DA59E005C16E3 /* LoadingView.swift */ = {isa = PBXFileReference; lastKnownFileType = sourcecode.swift; path = LoadingView.swift; sourceTree = "<group>"; };
		96CEE799287DA5BD005C16E3 /* ActivityIndicator.swift */ = {isa = PBXFileReference; lastKnownFileType = sourcecode.swift; path = ActivityIndicator.swift; sourceTree = "<group>"; };
		96CEE79B287DA611005C16E3 /* Movie+Stub.swift */ = {isa = PBXFileReference; lastKnownFileType = sourcecode.swift; path = "Movie+Stub.swift"; sourceTree = "<group>"; };
/* End PBXFileReference section */

/* Begin PBXFrameworksBuildPhase section */
		96CEE76C287DA3FF005C16E3 /* Frameworks */ = {
			isa = PBXFrameworksBuildPhase;
			buildActionMask = 2147483647;
			files = (
			);
			runOnlyForDeploymentPostprocessing = 0;
		};
/* End PBXFrameworksBuildPhase section */

/* Begin PBXGroup section */
		96CEE766287DA3FF005C16E3 = {
			isa = PBXGroup;
			children = (
				96CEE771287DA3FF005C16E3 /* headwaySearchMovies */,
				96CEE770287DA3FF005C16E3 /* Products */,
			);
			sourceTree = "<group>";
		};
		96CEE770287DA3FF005C16E3 /* Products */ = {
			isa = PBXGroup;
			children = (
				96CEE76F287DA3FF005C16E3 /* headwaySearchMovies.app */,
			);
			name = Products;
			sourceTree = "<group>";
		};
		96CEE771287DA3FF005C16E3 /* headwaySearchMovies */ = {
			isa = PBXGroup;
			children = (
				96CEE78C287DA534005C16E3 /* Model */,
				96CEE787287DA50B005C16E3 /* Service */,
				96CEE780287DA4DE005C16E3 /* Resources */,
				96CEE772287DA3FF005C16E3 /* headwaySearchMoviesApp.swift */,
				96CEE774287DA3FF005C16E3 /* ContentView.swift */,
				96CEE776287DA401005C16E3 /* Assets.xcassets */,
				96CEE778287DA401005C16E3 /* Preview Content */,
				96CEE78F287DA551005C16E3 /* Utils.swift */,
				96CEE791287DA563005C16E3 /* SearchBar.swift */,
				96CEE793287DA574005C16E3 /* MovieSearchView.swift */,
				96CEE795287DA58D005C16E3 /* MovieSearchState.swift */,
				96CEE797287DA59E005C16E3 /* LoadingView.swift */,
				96CEE799287DA5BD005C16E3 /* ActivityIndicator.swift */,
				96CEE79B287DA611005C16E3 /* Movie+Stub.swift */,
			);
			path = headwaySearchMovies;
			sourceTree = "<group>";
		};
		96CEE778287DA401005C16E3 /* Preview Content */ = {
			isa = PBXGroup;
			children = (
				96CEE779287DA401005C16E3 /* Preview Assets.xcassets */,
			);
			path = "Preview Content";
			sourceTree = "<group>";
		};
		96CEE780287DA4DE005C16E3 /* Resources */ = {
			isa = PBXGroup;
			children = (
				96CEE781287DA4EF005C16E3 /* movie_info.json */,
				96CEE782287DA4EF005C16E3 /* movie_list.json */,
				96CEE783287DA4EF005C16E3 /* search_movie.json */,
			);
			path = Resources;
			sourceTree = "<group>";
		};
		96CEE787287DA50B005C16E3 /* Service */ = {
			isa = PBXGroup;
			children = (
				96CEE788287DA51C005C16E3 /* MovieService.swift */,
				96CEE78A287DA52C005C16E3 /* MovieStore.swift */,
			);
			path = Service;
			sourceTree = "<group>";
		};
		96CEE78C287DA534005C16E3 /* Model */ = {
			isa = PBXGroup;
			children = (
				96CEE78D287DA541005C16E3 /* Movie.swift */,
			);
			path = Model;
			sourceTree = "<group>";
		};
/* End PBXGroup section */

/* Begin PBXNativeTarget section */
		96CEE76E287DA3FF005C16E3 /* headwaySearchMovies */ = {
			isa = PBXNativeTarget;
			buildConfigurationList = 96CEE77D287DA401005C16E3 /* Build configuration list for PBXNativeTarget "headwaySearchMovies" */;
			buildPhases = (
				96CEE76B287DA3FF005C16E3 /* Sources */,
				96CEE76C287DA3FF005C16E3 /* Frameworks */,
				96CEE76D287DA3FF005C16E3 /* Resources */,
			);
			buildRules = (
			);
			dependencies = (
			);
			name = headwaySearchMovies;
			productName = headwaySearchMovies;
			productReference = 96CEE76F287DA3FF005C16E3 /* headwaySearchMovies.app */;
			productType = "com.apple.product-type.application";
		};
/* End PBXNativeTarget section */

/* Begin PBXProject section */
		96CEE767287DA3FF005C16E3 /* Project object */ = {
			isa = PBXProject;
			attributes = {
				BuildIndependentTargetsInParallel = 1;
				LastSwiftUpdateCheck = 1330;
				LastUpgradeCheck = 1330;
				TargetAttributes = {
					96CEE76E287DA3FF005C16E3 = {
						CreatedOnToolsVersion = 13.3;
					};
				};
			};
			buildConfigurationList = 96CEE76A287DA3FF005C16E3 /* Build configuration list for PBXProject "headwaySearchMovies" */;
			compatibilityVersion = "Xcode 13.0";
			developmentRegion = en;
			hasScannedForEncodings = 0;
			knownRegions = (
				en,
				Base,
			);
			mainGroup = 96CEE766287DA3FF005C16E3;
			productRefGroup = 96CEE770287DA3FF005C16E3 /* Products */;
			projectDirPath = "";
			projectRoot = "";
			targets = (
				96CEE76E287DA3FF005C16E3 /* headwaySearchMovies */,
			);
		};
/* End PBXProject section */

/* Begin PBXResourcesBuildPhase section */
		96CEE76D287DA3FF005C16E3 /* Resources */ = {
			isa = PBXResourcesBuildPhase;
			buildActionMask = 2147483647;
			files = (
				96CEE77A287DA401005C16E3 /* Preview Assets.xcassets in Resources */,
				96CEE784287DA4EF005C16E3 /* movie_info.json in Resources */,
				96CEE785287DA4EF005C16E3 /* movie_list.json in Resources */,
				96CEE786287DA4EF005C16E3 /* search_movie.json in Resources */,
				96CEE777287DA401005C16E3 /* Assets.xcassets in Resources */,
			);
			runOnlyForDeploymentPostprocessing = 0;
		};
/* End PBXResourcesBuildPhase section */

/* Begin PBXSourcesBuildPhase section */
		96CEE76B287DA3FF005C16E3 /* Sources */ = {
			isa = PBXSourcesBuildPhase;
			buildActionMask = 2147483647;
			files = (
				96CEE79C287DA611005C16E3 /* Movie+Stub.swift in Sources */,
				96CEE792287DA563005C16E3 /* SearchBar.swift in Sources */,
				96CEE794287DA574005C16E3 /* MovieSearchView.swift in Sources */,
				96CEE78B287DA52C005C16E3 /* MovieStore.swift in Sources */,
				96CEE798287DA59E005C16E3 /* LoadingView.swift in Sources */,
				96CEE796287DA58D005C16E3 /* MovieSearchState.swift in Sources */,
				96CEE79A287DA5BD005C16E3 /* ActivityIndicator.swift in Sources */,
				96CEE789287DA51C005C16E3 /* MovieService.swift in Sources */,
				96CEE775287DA3FF005C16E3 /* ContentView.swift in Sources */,
				96CEE773287DA3FF005C16E3 /* headwaySearchMoviesApp.swift in Sources */,
				96CEE78E287DA541005C16E3 /* Movie.swift in Sources */,
				96CEE790287DA551005C16E3 /* Utils.swift in Sources */,
			);
			runOnlyForDeploymentPostprocessing = 0;
		};
/* End PBXSourcesBuildPhase section */

/* Begin XCBuildConfiguration section */
		96CEE77B287DA401005C16E3 /* Debug */ = {
			isa = XCBuildConfiguration;
			buildSettings = {
				ALWAYS_SEARCH_USER_PATHS = NO;
				CLANG_ANALYZER_NONNULL = YES;
				CLANG_ANALYZER_NUMBER_OBJECT_CONVERSION = YES_AGGRESSIVE;
				CLANG_CXX_LANGUAGE_STANDARD = "gnu++17";
				CLANG_ENABLE_MODULES = YES;
				CLANG_ENABLE_OBJC_ARC = YES;
				CLANG_ENABLE_OBJC_WEAK = YES;
				CLANG_WARN_BLOCK_CAPTURE_AUTORELEASING = YES;
				CLANG_WARN_BOOL_CONVERSION = YES;
				CLANG_WARN_COMMA = YES;
				CLANG_WARN_CONSTANT_CONVERSION = YES;
				CLANG_WARN_DEPRECATED_OBJC_IMPLEMENTATIONS = YES;
				CLANG_WARN_DIRECT_OBJC_ISA_USAGE = YES_ERROR;
				CLANG_WARN_DOCUMENTATION_COMMENTS = YES;
				CLANG_WARN_EMPTY_BODY = YES;
				CLANG_WARN_ENUM_CONVERSION = YES;
				CLANG_WARN_INFINITE_RECURSION = YES;
				CLANG_WARN_INT_CONVERSION = YES;
				CLANG_WARN_NON_LITERAL_NULL_CONVERSION = YES;
				CLANG_WARN_OBJC_IMPLICIT_RETAIN_SELF = YES;
				CLANG_WARN_OBJC_LITERAL_CONVERSION = YES;
				CLANG_WARN_OBJC_ROOT_CLASS = YES_ERROR;
				CLANG_WARN_QUOTED_INCLUDE_IN_FRAMEWORK_HEADER = YES;
				CLANG_WARN_RANGE_LOOP_ANALYSIS = YES;
				CLANG_WARN_STRICT_PROTOTYPES = YES;
				CLANG_WARN_SUSPICIOUS_MOVE = YES;
				CLANG_WARN_UNGUARDED_AVAILABILITY = YES_AGGRESSIVE;
				CLANG_WARN_UNREACHABLE_CODE = YES;
				CLANG_WARN__DUPLICATE_METHOD_MATCH = YES;
				COPY_PHASE_STRIP = NO;
				DEBUG_INFORMATION_FORMAT = dwarf;
				ENABLE_STRICT_OBJC_MSGSEND = YES;
				ENABLE_TESTABILITY = YES;
				GCC_C_LANGUAGE_STANDARD = gnu11;
				GCC_DYNAMIC_NO_PIC = NO;
				GCC_NO_COMMON_BLOCKS = YES;
				GCC_OPTIMIZATION_LEVEL = 0;
				GCC_PREPROCESSOR_DEFINITIONS = (
					"DEBUG=1",
					"$(inherited)",
				);
				GCC_WARN_64_TO_32_BIT_CONVERSION = YES;
				GCC_WARN_ABOUT_RETURN_TYPE = YES_ERROR;
				GCC_WARN_UNDECLARED_SELECTOR = YES;
				GCC_WARN_UNINITIALIZED_AUTOS = YES_AGGRESSIVE;
				GCC_WARN_UNUSED_FUNCTION = YES;
				GCC_WARN_UNUSED_VARIABLE = YES;
				IPHONEOS_DEPLOYMENT_TARGET = 15.4;
				MTL_ENABLE_DEBUG_INFO = INCLUDE_SOURCE;
				MTL_FAST_MATH = YES;
				ONLY_ACTIVE_ARCH = YES;
				SDKROOT = iphoneos;
				SWIFT_ACTIVE_COMPILATION_CONDITIONS = DEBUG;
				SWIFT_OPTIMIZATION_LEVEL = "-Onone";
			};
			name = Debug;
		};
		96CEE77C287DA401005C16E3 /* Release */ = {
			isa = XCBuildConfiguration;
			buildSettings = {
				ALWAYS_SEARCH_USER_PATHS = NO;
				CLANG_ANALYZER_NONNULL = YES;
				CLANG_ANALYZER_NUMBER_OBJECT_CONVERSION = YES_AGGRESSIVE;
				CLANG_CXX_LANGUAGE_STANDARD = "gnu++17";
				CLANG_ENABLE_MODULES = YES;
				CLANG_ENABLE_OBJC_ARC = YES;
				CLANG_ENABLE_OBJC_WEAK = YES;
				CLANG_WARN_BLOCK_CAPTURE_AUTORELEASING = YES;
				CLANG_WARN_BOOL_CONVERSION = YES;
				CLANG_WARN_COMMA = YES;
				CLANG_WARN_CONSTANT_CONVERSION = YES;
				CLANG_WARN_DEPRECATED_OBJC_IMPLEMENTATIONS = YES;
				CLANG_WARN_DIRECT_OBJC_ISA_USAGE = YES_ERROR;
				CLANG_WARN_DOCUMENTATION_COMMENTS = YES;
				CLANG_WARN_EMPTY_BODY = YES;
				CLANG_WARN_ENUM_CONVERSION = YES;
				CLANG_WARN_INFINITE_RECURSION = YES;
				CLANG_WARN_INT_CONVERSION = YES;
				CLANG_WARN_NON_LITERAL_NULL_CONVERSION = YES;
				CLANG_WARN_OBJC_IMPLICIT_RETAIN_SELF = YES;
				CLANG_WARN_OBJC_LITERAL_CONVERSION = YES;
				CLANG_WARN_OBJC_ROOT_CLASS = YES_ERROR;
				CLANG_WARN_QUOTED_INCLUDE_IN_FRAMEWORK_HEADER = YES;
				CLANG_WARN_RANGE_LOOP_ANALYSIS = YES;
				CLANG_WARN_STRICT_PROTOTYPES = YES;
				CLANG_WARN_SUSPICIOUS_MOVE = YES;
				CLANG_WARN_UNGUARDED_AVAILABILITY = YES_AGGRESSIVE;
				CLANG_WARN_UNREACHABLE_CODE = YES;
				CLANG_WARN__DUPLICATE_METHOD_MATCH = YES;
				COPY_PHASE_STRIP = NO;
				DEBUG_INFORMATION_FORMAT = "dwarf-with-dsym";
				ENABLE_NS_ASSERTIONS = NO;
				ENABLE_STRICT_OBJC_MSGSEND = YES;
				GCC_C_LANGUAGE_STANDARD = gnu11;
				GCC_NO_COMMON_BLOCKS = YES;
				GCC_WARN_64_TO_32_BIT_CONVERSION = YES;
				GCC_WARN_ABOUT_RETURN_TYPE = YES_ERROR;
				GCC_WARN_UNDECLARED_SELECTOR = YES;
				GCC_WARN_UNINITIALIZED_AUTOS = YES_AGGRESSIVE;
				GCC_WARN_UNUSED_FUNCTION = YES;
				GCC_WARN_UNUSED_VARIABLE = YES;
				IPHONEOS_DEPLOYMENT_TARGET = 15.4;
				MTL_ENABLE_DEBUG_INFO = NO;
				MTL_FAST_MATH = YES;
				SDKROOT = iphoneos;
				SWIFT_COMPILATION_MODE = wholemodule;
				SWIFT_OPTIMIZATION_LEVEL = "-O";
				VALIDATE_PRODUCT = YES;
			};
			name = Release;
		};
		96CEE77E287DA401005C16E3 /* Debug */ = {
			isa = XCBuildConfiguration;
			buildSettings = {
				ASSETCATALOG_COMPILER_APPICON_NAME = AppIcon;
				ASSETCATALOG_COMPILER_GLOBAL_ACCENT_COLOR_NAME = AccentColor;
				CODE_SIGN_STYLE = Automatic;
				CURRENT_PROJECT_VERSION = 1;
				DEVELOPMENT_ASSET_PATHS = "\"headwaySearchMovies/Preview Content\"";
				ENABLE_PREVIEWS = YES;
				GENERATE_INFOPLIST_FILE = YES;
				INFOPLIST_KEY_UIApplicationSceneManifest_Generation = YES;
				INFOPLIST_KEY_UIApplicationSupportsIndirectInputEvents = YES;
				INFOPLIST_KEY_UILaunchScreen_Generation = YES;
				INFOPLIST_KEY_UISupportedInterfaceOrientations_iPad = "UIInterfaceOrientationPortrait UIInterfaceOrientationPortraitUpsideDown UIInterfaceOrientationLandscapeLeft UIInterfaceOrientationLandscapeRight";
				INFOPLIST_KEY_UISupportedInterfaceOrientations_iPhone = "UIInterfaceOrientationPortrait UIInterfaceOrientationLandscapeLeft UIInterfaceOrientationLandscapeRight";
				LD_RUNPATH_SEARCH_PATHS = (
					"$(inherited)",
					"@executable_path/Frameworks",
				);
				MARKETING_VERSION = 1.0;
				PRODUCT_BUNDLE_IDENTIFIER = project.headwaySearchMovies;
				PRODUCT_NAME = "$(TARGET_NAME)";
				SWIFT_EMIT_LOC_STRINGS = YES;
				SWIFT_VERSION = 5.0;
				TARGETED_DEVICE_FAMILY = "1,2";
			};
			name = Debug;
		};
		96CEE77F287DA401005C16E3 /* Release */ = {
			isa = XCBuildConfiguration;
			buildSettings = {
				ASSETCATALOG_COMPILER_APPICON_NAME = AppIcon;
				ASSETCATALOG_COMPILER_GLOBAL_ACCENT_COLOR_NAME = AccentColor;
				CODE_SIGN_STYLE = Automatic;
				CURRENT_PROJECT_VERSION = 1;
				DEVELOPMENT_ASSET_PATHS = "\"headwaySearchMovies/Preview Content\"";
				ENABLE_PREVIEWS = YES;
				GENERATE_INFOPLIST_FILE = YES;
				INFOPLIST_KEY_UIApplicationSceneManifest_Generation = YES;
				INFOPLIST_KEY_UIApplicationSupportsIndirectInputEvents = YES;
				INFOPLIST_KEY_UILaunchScreen_Generation = YES;
				INFOPLIST_KEY_UISupportedInterfaceOrientations_iPad = "UIInterfaceOrientationPortrait UIInterfaceOrientationPortraitUpsideDown UIInterfaceOrientationLandscapeLeft UIInterfaceOrientationLandscapeRight";
				INFOPLIST_KEY_UISupportedInterfaceOrientations_iPhone = "UIInterfaceOrientationPortrait UIInterfaceOrientationLandscapeLeft UIInterfaceOrientationLandscapeRight";
				LD_RUNPATH_SEARCH_PATHS = (
					"$(inherited)",
					"@executable_path/Frameworks",
				);
				MARKETING_VERSION = 1.0;
				PRODUCT_BUNDLE_IDENTIFIER = project.headwaySearchMovies;
				PRODUCT_NAME = "$(TARGET_NAME)";
				SWIFT_EMIT_LOC_STRINGS = YES;
				SWIFT_VERSION = 5.0;
				TARGETED_DEVICE_FAMILY = "1,2";
			};
			name = Release;
		};
/* End XCBuildConfiguration section */

/* Begin XCConfigurationList section */
		96CEE76A287DA3FF005C16E3 /* Build configuration list for PBXProject "headwaySearchMovies" */ = {
			isa = XCConfigurationList;
			buildConfigurations = (
				96CEE77B287DA401005C16E3 /* Debug */,
				96CEE77C287DA401005C16E3 /* Release */,
			);
			defaultConfigurationIsVisible = 0;
			defaultConfigurationName = Release;
		};
		96CEE77D287DA401005C16E3 /* Build configuration list for PBXNativeTarget "headwaySearchMovies" */ = {
			isa = XCConfigurationList;
			buildConfigurations = (
				96CEE77E287DA401005C16E3 /* Debug */,
				96CEE77F287DA401005C16E3 /* Release */,
			);
			defaultConfigurationIsVisible = 0;
			defaultConfigurationName = Release;
		};
/* End XCConfigurationList section */
	};
	rootObject = 96CEE767287DA3FF005C16E3 /* Project object */;
}
